
Microsoft Visual Studio Solution File, Format Version 12.00
Project("{FAE04EC0-301F-11D3-BF4B-00C04F79EFBC}") = "DimensionsOfMeasurement", "DimensionsOfMeasurement\DimensionsOfMeasurement.csproj", "{8AB4C52C-80AA-4498-B664-075D07B40E09}"
EndProject
Project("{FAE04EC0-301F-11D3-BF4B-00C04F79EFBC}") = "DimensionsOfMeasurement.Test", "DimensionsOfMeasurement.Test\DimensionsOfMeasurement.Test.csproj", "{23004954-8A98-48BD-A862-D893C3D9A983}"
EndProject
Global
	GlobalSection(SolutionConfigurationPlatforms) = preSolution
		Debug|Any CPU = Debug|Any CPU
		Release|Any CPU = Release|Any CPU
	EndGlobalSection
	GlobalSection(ProjectConfigurationPlatforms) = postSolution
		{8AB4C52C-80AA-4498-B664-075D07B40E09}.Debug|Any CPU.ActiveCfg = Debug|Any CPU
		{8AB4C52C-80AA-4498-B664-075D07B40E09}.Debug|Any CPU.Build.0 = Debug|Any CPU
		{8AB4C52C-80AA-4498-B664-075D07B40E09}.Release|Any CPU.ActiveCfg = Release|Any CPU
		{8AB4C52C-80AA-4498-B664-075D07B40E09}.Release|Any CPU.Build.0 = Release|Any CPU
		{23004954-8A98-48BD-A862-D893C3D9A983}.Debug|Any CPU.ActiveCfg = Debug|Any CPU
		{23004954-8A98-48BD-A862-D893C3D9A983}.Debug|Any CPU.Build.0 = Debug|Any CPU
		{23004954-8A98-48BD-A862-D893C3D9A983}.Release|Any CPU.ActiveCfg = Release|Any CPU
		{23004954-8A98-48BD-A862-D893C3D9A983}.Release|Any CPU.Build.0 = Release|Any CPU
	EndGlobalSection
EndGlobal
